github.com/jepsen-io/maelstrom/demo/go v0.0.0-20230113211434-22f433519054 h1:NF9yM6z/+jj+LpIsv9dBzF3o4IOgVjqg6hkpuxy55mc=
github.com/jepsen-io/maelstrom/demo/go v0.0.0-20230113211434-22f433519054/go.mod h1:i6aVIs5AIOOaQF1lAisBm7DDeWM1Iopf+26UxjagsCU=
github.com/kjk/betterguid v0.0.0-20170621091430-c442874ba63a h1:b+Gt8sQs//Sl5Dcem5zP9Qc2FgEUAygREa2AAa2Vmcw=
github.com/kjk/betterguid v0.0.0-20170621091430-c442874ba63a/go.mod h1:uxRAhHE1nl34DpWgfe0CYbNYbCnYplaB6rZH9ReWtUk=
